<?xml version="1.0" encoding="utf-8"?>
<Project ToolsVersion="4.0" xmlns="http://schemas.microsoft.com/developer/msbuild/2003">
  <ItemGroup>
    <ClCompile Include="main.cpp" />
    <ClCompile Include="..\..\share\tinyxml\md5.cpp">
      <Filter>share\tinyxml</Filter>
    </ClCompile>
    <ClCompile Include="..\..\share\tinyxml\tinystr.cpp">
      <Filter>share\tinyxml</Filter>
    </ClCompile>
    <ClCompile Include="..\..\share\tinyxml\tinyxml.cpp">
      <Filter>share\tinyxml</Filter>
    </ClCompile>
    <ClCompile Include="..\..\share\tinyxml\tinyxmlerror.cpp">
      <Filter>share\tinyxml</Filter>
    </ClCompile>
    <ClCompile Include="..\..\share\tinyxml\tinyxmlparser.cpp">
      <Filter>share\tinyxml</Filter>
    </ClCompile>
    <ClCompile Include="..\..\share\ShareFunction.cpp">
      <Filter>share</Filter>
    </ClCompile>
    <ClCompile Include="..\..\engine\EpollServer_Funs.cpp">
      <Filter>engine</Filter>
    </ClCompile>
    <ClCompile Include="..\..\engine\EpollServer.cpp">
      <Filter>engine</Filter>
    </ClCompile>
    <ClCompile Include="..\..\engine\EpollServer_Thread.cpp">
      <Filter>engine</Filter>
    </ClCompile>
    <ClCompile Include="..\..\engine\INetBase.cpp">
      <Filter>engine</Filter>
    </ClCompile>
    <ClCompile Include="AppGlobal.cpp">
      <Filter>app</Filter>
    </ClCompile>
    <ClCompile Include="AppManager.cpp">
      <Filter>app</Filter>
    </ClCompile>
    <ClCompile Include="AppTest.cpp">
      <Filter>app</Filter>
    </ClCompile>
    <ClCompile Include="GameData.cpp">
      <Filter>app</Filter>
    </ClCompile>
    <ClCompile Include="AppPlayer.cpp">
      <Filter>app</Filter>
    </ClCompile>
  </ItemGroup>
  <ItemGroup>
    <Filter Include="engine">
      <UniqueIdentifier>{abe86c73-7ec1-4474-ac06-7abfa32c9e94}</UniqueIdentifier>
    </Filter>
    <Filter Include="share">
      <UniqueIdentifier>{aa3a9fb9-487c-49ea-bdef-f6ab0cb05341}</UniqueIdentifier>
    </Filter>
    <Filter Include="share\tinyxml">
      <UniqueIdentifier>{c1349a4a-5765-47e4-a187-660d60bbeb92}</UniqueIdentifier>
    </Filter>
    <Filter Include="app">
      <UniqueIdentifier>{2af86bde-9183-41d2-852f-a29d57d1f477}</UniqueIdentifier>
    </Filter>
  </ItemGroup>
  <ItemGroup>
    <ClInclude Include="..\..\share\tinyxml\md5.h">
      <Filter>share\tinyxml</Filter>
    </ClInclude>
    <ClInclude Include="..\..\share\tinyxml\tinystr.h">
      <Filter>share\tinyxml</Filter>
    </ClInclude>
    <ClInclude Include="..\..\share\tinyxml\tinyxml.h">
      <Filter>share\tinyxml</Filter>
    </ClInclude>
    <ClInclude Include="..\..\engine\IDefine.h">
      <Filter>engine</Filter>
    </ClInclude>
    <ClInclude Include="..\..\engine\INetBase.h">
      <Filter>engine</Filter>
    </ClInclude>
    <ClInclude Include="..\..\share\ShareFunction.h">
      <Filter>share</Filter>
    </ClInclude>
    <ClInclude Include="..\..\engine\IContainer.h">
      <Filter>engine</Filter>
    </ClInclude>
    <ClInclude Include="..\..\engine\EpollServer.h">
      <Filter>engine</Filter>
    </ClInclude>
    <ClInclude Include="AppGlobal.h">
      <Filter>app</Filter>
    </ClInclude>
    <ClInclude Include="AppManager.h">
      <Filter>app</Filter>
    </ClInclude>
    <ClInclude Include="AppTest.h">
      <Filter>app</Filter>
    </ClInclude>
    <ClInclude Include="GameData.h">
      <Filter>app</Filter>
    </ClInclude>
    <ClInclude Include="AppPlayer.h">
      <Filter>app</Filter>
    </ClInclude>
  </ItemGroup>
  <ItemGroup>
    <Xml Include="..\exe\config_client.xml" />
    <Xml Include="..\exe\config_server.xml" />
  </ItemGroup>
  <ItemGroup>
    <Library Include="libs\libmyengine.a" />
  </ItemGroup>
</Project>