<?xml version="1.0" encoding="utf-8"?>
<Project ToolsVersion="4.0" xmlns="http://schemas.microsoft.com/developer/msbuild/2003">
  <ItemGroup>
    <ClCompile Include="TestWindows.cpp" />
    <ClCompile Include="..\..\share\tinyxml\md5.cpp">
      <Filter>share\tinyxml</Filter>
    </ClCompile>
    <ClCompile Include="..\..\share\tinyxml\tinystr.cpp">
      <Filter>share\tinyxml</Filter>
    </ClCompile>
    <ClCompile Include="..\..\share\tinyxml\tinyxml.cpp">
      <Filter>share\tinyxml</Filter>
    </ClCompile>
    <ClCompile Include="..\..\share\tinyxml\tinyxmlerror.cpp">
      <Filter>share\tinyxml</Filter>
    </ClCompile>
    <ClCompile Include="..\..\share\tinyxml\tinyxmlparser.cpp">
      <Filter>share\tinyxml</Filter>
    </ClCompile>
    <ClCompile Include="..\..\share\ShareFunction.cpp">
      <Filter>share</Filter>
    </ClCompile>
    <ClCompile Include="AppGlobal.cpp">
      <Filter>app</Filter>
    </ClCompile>
    <ClCompile Include="AppManager.cpp">
      <Filter>app</Filter>
    </ClCompile>
    <ClCompile Include="AppTest.cpp">
      <Filter>app</Filter>
    </ClCompile>
    <ClCompile Include="..\..\engine\INetBase.cpp">
      <Filter>engine</Filter>
    </ClCompile>
    <ClCompile Include="..\..\engine\IOPool.cpp">
      <Filter>engine</Filter>
    </ClCompile>
    <ClCompile Include="..\..\engine\TcpServer.cpp">
      <Filter>engine</Filter>
    </ClCompile>
    <ClCompile Include="..\..\engine\TcpServer_Funs.cpp">
      <Filter>engine</Filter>
    </ClCompile>
    <ClCompile Include="..\..\engine\TcpServer_Thread.cpp">
      <Filter>engine</Filter>
    </ClCompile>
    <ClCompile Include="AppPlayer.cpp">
      <Filter>app</Filter>
    </ClCompile>
    <ClCompile Include="..\..\engine\TcpClient.cpp">
      <Filter>engine</Filter>
    </ClCompile>
    <ClCompile Include="..\..\engine\TcpClient_Funs.cpp">
      <Filter>engine</Filter>
    </ClCompile>
    <ClCompile Include="..\..\engine\TcpClient_Thread.cpp">
      <Filter>engine</Filter>
    </ClCompile>
    <ClCompile Include="DBBuffer.cpp">
      <Filter>app\mysql</Filter>
    </ClCompile>
    <ClCompile Include="DBConnetor.cpp">
      <Filter>app\mysql</Filter>
    </ClCompile>
    <ClCompile Include="DBManager.cpp">
      <Filter>app\mysql</Filter>
    </ClCompile>
    <ClCompile Include="DBManager_Read.cpp">
      <Filter>app\mysql</Filter>
    </ClCompile>
    <ClCompile Include="DBManager_Serialize.cpp">
      <Filter>app\mysql</Filter>
    </ClCompile>
    <ClCompile Include="DBManager_Write.cpp">
      <Filter>app\mysql</Filter>
    </ClCompile>
    <ClCompile Include="MySqlConnetor.cpp">
      <Filter>app\mysql</Filter>
    </ClCompile>
    <ClCompile Include="GameData.cpp">
      <Filter>app</Filter>
    </ClCompile>
  </ItemGroup>
  <ItemGroup>
    <Filter Include="share">
      <UniqueIdentifier>{4d2ece93-b252-4905-946b-d4f8d08306e7}</UniqueIdentifier>
    </Filter>
    <Filter Include="share\tinyxml">
      <UniqueIdentifier>{b377c5c1-c9db-4148-8444-e4dd2123e88e}</UniqueIdentifier>
    </Filter>
    <Filter Include="engine">
      <UniqueIdentifier>{b9d49e65-22dc-4daa-98ff-96df272654d5}</UniqueIdentifier>
    </Filter>
    <Filter Include="app">
      <UniqueIdentifier>{64425338-1d43-4793-8ef1-78ea982f5293}</UniqueIdentifier>
    </Filter>
    <Filter Include="app\mysql">
      <UniqueIdentifier>{5db7aa69-3669-489b-b7e5-eac6ad4baba5}</UniqueIdentifier>
    </Filter>
  </ItemGroup>
  <ItemGroup>
    <ClInclude Include="..\..\share\tinyxml\md5.h">
      <Filter>share\tinyxml</Filter>
    </ClInclude>
    <ClInclude Include="..\..\share\tinyxml\tinystr.h">
      <Filter>share\tinyxml</Filter>
    </ClInclude>
    <ClInclude Include="..\..\share\tinyxml\tinyxml.h">
      <Filter>share\tinyxml</Filter>
    </ClInclude>
    <ClInclude Include="..\..\engine\IDefine.h">
      <Filter>engine</Filter>
    </ClInclude>
    <ClInclude Include="..\..\engine\INetBase.h">
      <Filter>engine</Filter>
    </ClInclude>
    <ClInclude Include="..\..\share\ShareFunction.h">
      <Filter>share</Filter>
    </ClInclude>
    <ClInclude Include="..\..\engine\IContainer.h">
      <Filter>engine</Filter>
    </ClInclude>
    <ClInclude Include="AppGlobal.h">
      <Filter>app</Filter>
    </ClInclude>
    <ClInclude Include="AppManager.h">
      <Filter>app</Filter>
    </ClInclude>
    <ClInclude Include="AppTest.h">
      <Filter>app</Filter>
    </ClInclude>
    <ClInclude Include="..\..\engine\IOPool.h">
      <Filter>engine</Filter>
    </ClInclude>
    <ClInclude Include="..\..\engine\TcpServer.h">
      <Filter>engine</Filter>
    </ClInclude>
    <ClInclude Include="GameData.h">
      <Filter>app</Filter>
    </ClInclude>
    <ClInclude Include="AppPlayer.h">
      <Filter>app</Filter>
    </ClInclude>
    <ClInclude Include="..\..\engine\TcpClient.h">
      <Filter>engine</Filter>
    </ClInclude>
    <ClInclude Include="DBBuffer.h">
      <Filter>app\mysql</Filter>
    </ClInclude>
    <ClInclude Include="DBConnetor.h">
      <Filter>app\mysql</Filter>
    </ClInclude>
    <ClInclude Include="DBManager.h">
      <Filter>app\mysql</Filter>
    </ClInclude>
    <ClInclude Include="MySqlConnetor.h">
      <Filter>app\mysql</Filter>
    </ClInclude>
    <ClInclude Include="ThreadSafeQueue.h">
      <Filter>app\mysql</Filter>
    </ClInclude>
  </ItemGroup>
  <ItemGroup>
    <Xml Include="..\exe\config_server.xml" />
    <Xml Include="..\exe\config_db.xml" />
  </ItemGroup>
</Project>